// !$*UTF8*$!
{
	archiveVersion = 1;
	classes = {
	};
	objectVersion = 50;
	objects = {

/* Begin PBXBuildFile section */
		50034A3C25CC7AED00147B80 /* NoteMapViewController.swift in Sources */ = {isa = PBXBuildFile; fileRef = 50034A3B25CC7AED00147B80 /* NoteMapViewController.swift */; };
		50034A4125CC8F9C00147B80 /* MapViewController.swift in Sources */ = {isa = PBXBuildFile; fileRef = 50034A4025CC8F9C00147B80 /* MapViewController.swift */; };
		50034A4525CC91FB00147B80 /* NoteAnnotation.swift in Sources */ = {isa = PBXBuildFile; fileRef = 50034A4425CC91FB00147B80 /* NoteAnnotation.swift */; };
		5036461B25CB06DE0084702E /* SelectFolderTableViewController.swift in Sources */ = {isa = PBXBuildFile; fileRef = 5036461A25CB06DE0084702E /* SelectFolderTableViewController.swift */; };
		5036462225CB35840084702E /* LocationManager.swift in Sources */ = {isa = PBXBuildFile; fileRef = 5036462125CB35840084702E /* LocationManager.swift */; };
		5053EFB225CED60500557099 /* NoteTableViewCell.swift in Sources */ = {isa = PBXBuildFile; fileRef = 5053EFB125CED60500557099 /* NoteTableViewCell.swift */; };
		507B6CFF25CDD3B4005103BA /* Localizable.strings in Resources */ = {isa = PBXBuildFile; fileRef = 507B6D0125CDD3B4005103BA /* Localizable.strings */; };
		507B6D0325CDD435005103BA /* LocalizationManager.swift in Sources */ = {isa = PBXBuildFile; fileRef = 507B6D0225CDD435005103BA /* LocalizationManager.swift */; };
		507B6D1125CDD8FE005103BA /* InfoPlist.strings in Resources */ = {isa = PBXBuildFile; fileRef = 507B6D0F25CDD8FE005103BA /* InfoPlist.strings */; };
		5082EB3D25C2DF2C0066CA48 /* FoldersTableViewController.swift in Sources */ = {isa = PBXBuildFile; fileRef = 5082EB3C25C2DF2C0066CA48 /* FoldersTableViewController.swift */; };
		5082EB4125C303140066CA48 /* FolderTableViewController.swift in Sources */ = {isa = PBXBuildFile; fileRef = 5082EB4025C303140066CA48 /* FolderTableViewController.swift */; };
		508D4F1B25CDBA23007DAA1C /* PriceManager.swift in Sources */ = {isa = PBXBuildFile; fileRef = 508D4F1A25CDBA23007DAA1C /* PriceManager.swift */; };
		508D4F1F25CDBEA4007DAA1C /* StoreManager.swift in Sources */ = {isa = PBXBuildFile; fileRef = 508D4F1E25CDBEA4007DAA1C /* StoreManager.swift */; };
		508D4F2325CDC592007DAA1C /* BuyingForm.swift in Sources */ = {isa = PBXBuildFile; fileRef = 508D4F2225CDC592007DAA1C /* BuyingForm.swift */; };
		50E36DE925C21FBD004B281F /* Location+CoreDataClass.swift in Sources */ = {isa = PBXBuildFile; fileRef = 50E36DE125C21FBD004B281F /* Location+CoreDataClass.swift */; };
		50E36DEA25C21FBD004B281F /* Location+CoreDataProperties.swift in Sources */ = {isa = PBXBuildFile; fileRef = 50E36DE225C21FBD004B281F /* Location+CoreDataProperties.swift */; };
		50E36DEB25C21FBD004B281F /* ImageNote+CoreDataClass.swift in Sources */ = {isa = PBXBuildFile; fileRef = 50E36DE325C21FBD004B281F /* ImageNote+CoreDataClass.swift */; };
		50E36DEC25C21FBD004B281F /* ImageNote+CoreDataProperties.swift in Sources */ = {isa = PBXBuildFile; fileRef = 50E36DE425C21FBD004B281F /* ImageNote+CoreDataProperties.swift */; };
		50E36DED25C21FBD004B281F /* Folder+CoreDataClass.swift in Sources */ = {isa = PBXBuildFile; fileRef = 50E36DE525C21FBD004B281F /* Folder+CoreDataClass.swift */; };
		50E36DEE25C21FBD004B281F /* Folder+CoreDataProperties.swift in Sources */ = {isa = PBXBuildFile; fileRef = 50E36DE625C21FBD004B281F /* Folder+CoreDataProperties.swift */; };
		50E36DEF25C21FBD004B281F /* Note+CoreDataClass.swift in Sources */ = {isa = PBXBuildFile; fileRef = 50E36DE725C21FBD004B281F /* Note+CoreDataClass.swift */; };
		50E36DF025C21FBD004B281F /* Note+CoreDataProperties.swift in Sources */ = {isa = PBXBuildFile; fileRef = 50E36DE825C21FBD004B281F /* Note+CoreDataProperties.swift */; };
		50E36DF425C22247004B281F /* CoreDataManager.swift in Sources */ = {isa = PBXBuildFile; fileRef = 50E36DF325C22247004B281F /* CoreDataManager.swift */; };
		50FE3D4025C1A7FF00325526 /* AppDelegate.swift in Sources */ = {isa = PBXBuildFile; fileRef = 50FE3D3F25C1A7FF00325526 /* AppDelegate.swift */; };
		50FE3D4225C1A7FF00325526 /* SceneDelegate.swift in Sources */ = {isa = PBXBuildFile; fileRef = 50FE3D4125C1A7FF00325526 /* SceneDelegate.swift */; };
		50FE3D4725C1A7FF00325526 /* Main.storyboard in Resources */ = {isa = PBXBuildFile; fileRef = 50FE3D4525C1A7FF00325526 /* Main.storyboard */; };
		50FE3D4A25C1A7FF00325526 /* Fisherman_s_diary.xcdatamodeld in Sources */ = {isa = PBXBuildFile; fileRef = 50FE3D4825C1A7FF00325526 /* Fisherman_s_diary.xcdatamodeld */; };
		50FE3D4C25C1A80600325526 /* Assets.xcassets in Resources */ = {isa = PBXBuildFile; fileRef = 50FE3D4B25C1A80600325526 /* Assets.xcassets */; };
		50FE3D4F25C1A80600325526 /* LaunchScreen.storyboard in Resources */ = {isa = PBXBuildFile; fileRef = 50FE3D4D25C1A80600325526 /* LaunchScreen.storyboard */; };
		50FFD2CA25C98E7D00B1DE96 /* NoteTableViewController.swift in Sources */ = {isa = PBXBuildFile; fileRef = 50FFD2C925C98E7D00B1DE96 /* NoteTableViewController.swift */; };
/* End PBXBuildFile section */

/* Begin PBXFileReference section */
		50034A3B25CC7AED00147B80 /* NoteMapViewController.swift */ = {isa = PBXFileReference; lastKnownFileType = sourcecode.swift; path = NoteMapViewController.swift; sourceTree = "<group>"; };
		50034A4025CC8F9C00147B80 /* MapViewController.swift */ = {isa = PBXFileReference; lastKnownFileType = sourcecode.swift; path = MapViewController.swift; sourceTree = "<group>"; };
		50034A4425CC91FB00147B80 /* NoteAnnotation.swift */ = {isa = PBXFileReference; lastKnownFileType = sourcecode.swift; path = NoteAnnotation.swift; sourceTree = "<group>"; };
		5036461A25CB06DE0084702E /* SelectFolderTableViewController.swift */ = {isa = PBXFileReference; lastKnownFileType = sourcecode.swift; path = SelectFolderTableViewController.swift; sourceTree = "<group>"; };
		5036462125CB35840084702E /* LocationManager.swift */ = {isa = PBXFileReference; lastKnownFileType = sourcecode.swift; path = LocationManager.swift; sourceTree = "<group>"; };
		5053EFB125CED60500557099 /* NoteTableViewCell.swift */ = {isa = PBXFileReference; lastKnownFileType = sourcecode.swift; path = NoteTableViewCell.swift; sourceTree = "<group>"; };
		507B6CF925CDD1FF005103BA /* ru */ = {isa = PBXFileReference; lastKnownFileType = text.plist.strings; name = ru; path = ru.lproj/Main.strings; sourceTree = "<group>"; };
		507B6CFA25CDD200005103BA /* ru */ = {isa = PBXFileReference; lastKnownFileType = text.plist.strings; name = ru; path = ru.lproj/LaunchScreen.strings; sourceTree = "<group>"; };
		507B6D0025CDD3B4005103BA /* ru */ = {isa = PBXFileReference; fileEncoding = 4; lastKnownFileType = text.plist.strings; lineEnding = 0; name = ru; path = ru.lproj/Localizable.strings; sourceTree = "<group>"; };
		507B6D0225CDD435005103BA /* LocalizationManager.swift */ = {isa = PBXFileReference; lastKnownFileType = sourcecode.swift; path = LocalizationManager.swift; sourceTree = "<group>"; };
		507B6D1025CDD8FE005103BA /* ru */ = {isa = PBXFileReference; lastKnownFileType = text.plist.strings; name = ru; path = "Fisherman's diary/ru.lproj/InfoPlist.strings"; sourceTree = "<group>"; };
		5082EB3C25C2DF2C0066CA48 /* FoldersTableViewController.swift */ = {isa = PBXFileReference; lastKnownFileType = sourcecode.swift; path = FoldersTableViewController.swift; sourceTree = "<group>"; };
		5082EB4025C303140066CA48 /* FolderTableViewController.swift */ = {isa = PBXFileReference; lastKnownFileType = sourcecode.swift; path = FolderTableViewController.swift; sourceTree = "<group>"; };
		508D4F1A25CDBA23007DAA1C /* PriceManager.swift */ = {isa = PBXFileReference; lastKnownFileType = sourcecode.swift; path = PriceManager.swift; sourceTree = "<group>"; };
		508D4F1E25CDBEA4007DAA1C /* StoreManager.swift */ = {isa = PBXFileReference; lastKnownFileType = sourcecode.swift; path = StoreManager.swift; sourceTree = "<group>"; };
		508D4F2225CDC592007DAA1C /* BuyingForm.swift */ = {isa = PBXFileReference; lastKnownFileType = sourcecode.swift; path = BuyingForm.swift; sourceTree = "<group>"; };
		50E36DE125C21FBD004B281F /* Location+CoreDataClass.swift */ = {isa = PBXFileReference; lastKnownFileType = sourcecode.swift; path = "Location+CoreDataClass.swift"; sourceTree = "<group>"; };
		50E36DE225C21FBD004B281F /* Location+CoreDataProperties.swift */ = {isa = PBXFileReference; lastKnownFileType = sourcecode.swift; path = "Location+CoreDataProperties.swift"; sourceTree = "<group>"; };
		50E36DE325C21FBD004B281F /* ImageNote+CoreDataClass.swift */ = {isa = PBXFileReference; lastKnownFileType = sourcecode.swift; path = "ImageNote+CoreDataClass.swift"; sourceTree = "<group>"; };
		50E36DE425C21FBD004B281F /* ImageNote+CoreDataProperties.swift */ = {isa = PBXFileReference; lastKnownFileType = sourcecode.swift; path = "ImageNote+CoreDataProperties.swift"; sourceTree = "<group>"; };
		50E36DE525C21FBD004B281F /* Folder+CoreDataClass.swift */ = {isa = PBXFileReference; lastKnownFileType = sourcecode.swift; path = "Folder+CoreDataClass.swift"; sourceTree = "<group>"; };
		50E36DE625C21FBD004B281F /* Folder+CoreDataProperties.swift */ = {isa = PBXFileReference; lastKnownFileType = sourcecode.swift; path = "Folder+CoreDataProperties.swift"; sourceTree = "<group>"; };
		50E36DE725C21FBD004B281F /* Note+CoreDataClass.swift */ = {isa = PBXFileReference; lastKnownFileType = sourcecode.swift; path = "Note+CoreDataClass.swift"; sourceTree = "<group>"; };
		50E36DE825C21FBD004B281F /* Note+CoreDataProperties.swift */ = {isa = PBXFileReference; lastKnownFileType = sourcecode.swift; path = "Note+CoreDataProperties.swift"; sourceTree = "<group>"; };
		50E36DF325C22247004B281F /* CoreDataManager.swift */ = {isa = PBXFileReference; lastKnownFileType = sourcecode.swift; path = CoreDataManager.swift; sourceTree = "<group>"; };
		50FE3D3C25C1A7FF00325526 /* Fisherman's diary.app */ = {isa = PBXFileReference; explicitFileType = wrapper.application; includeInIndex = 0; path = "Fisherman's diary.app"; sourceTree = BUILT_PRODUCTS_DIR; };
		50FE3D3F25C1A7FF00325526 /* AppDelegate.swift */ = {isa = PBXFileReference; lastKnownFileType = sourcecode.swift; path = AppDelegate.swift; sourceTree = "<group>"; };
		50FE3D4125C1A7FF00325526 /* SceneDelegate.swift */ = {isa = PBXFileReference; lastKnownFileType = sourcecode.swift; path = SceneDelegate.swift; sourceTree = "<group>"; };
		50FE3D4625C1A7FF00325526 /* Base */ = {isa = PBXFileReference; lastKnownFileType = file.storyboard; name = Base; path = Base.lproj/Main.storyboard; sourceTree = "<group>"; };
		50FE3D4925C1A7FF00325526 /* Fisherman_s_diary.xcdatamodel */ = {isa = PBXFileReference; lastKnownFileType = wrapper.xcdatamodel; path = Fisherman_s_diary.xcdatamodel; sourceTree = "<group>"; };
		50FE3D4B25C1A80600325526 /* Assets.xcassets */ = {isa = PBXFileReference; lastKnownFileType = folder.assetcatalog; path = Assets.xcassets; sourceTree = "<group>"; };
		50FE3D4E25C1A80600325526 /* Base */ = {isa = PBXFileReference; lastKnownFileType = file.storyboard; name = Base; path = Base.lproj/LaunchScreen.storyboard; sourceTree = "<group>"; };
		50FE3D5025C1A80600325526 /* Info.plist */ = {isa = PBXFileReference; lastKnownFileType = text.plist.xml; path = Info.plist; sourceTree = "<group>"; };
		50FFD2C925C98E7D00B1DE96 /* NoteTableViewController.swift */ = {isa = PBXFileReference; lastKnownFileType = sourcecode.swift; path = NoteTableViewController.swift; sourceTree = "<group>"; };
/* End PBXFileReference section */

/* Begin PBXFrameworksBuildPhase section */
		50FE3D3925C1A7FF00325526 /* Frameworks */ = {
			isa = PBXFrameworksBuildPhase;
			buildActionMask = 2147483647;
			files = (
			);
			runOnlyForDeploymentPostprocessing = 0;
		};
/* End PBXFrameworksBuildPhase section */

/* Begin PBXGroup section */
		50002DFE25CDCB4B0088ABDD /* BuyFullVersion */ = {
			isa = PBXGroup;
			children = (
				508D4F1A25CDBA23007DAA1C /* PriceManager.swift */,
				508D4F1E25CDBEA4007DAA1C /* StoreManager.swift */,
				508D4F2225CDC592007DAA1C /* BuyingForm.swift */,
			);
			path = BuyFullVersion;
			sourceTree = "<group>";
		};
		5015D3F525CF336E0006DB98 /* Storyboard */ = {
			isa = PBXGroup;
			children = (
				50FE3D4525C1A7FF00325526 /* Main.storyboard */,
				50FE3D4D25C1A80600325526 /* LaunchScreen.storyboard */,
			);
			path = Storyboard;
			sourceTree = "<group>";
		};
		5015D3F725CF361B0006DB98 /* Maps */ = {
			isa = PBXGroup;
			children = (
				50034A4425CC91FB00147B80 /* NoteAnnotation.swift */,
				50034A3B25CC7AED00147B80 /* NoteMapViewController.swift */,
				50034A4025CC8F9C00147B80 /* MapViewController.swift */,
			);
			path = Maps;
			sourceTree = "<group>";
		};
		5015D3F925CF37820006DB98 /* Main module */ = {
			isa = PBXGroup;
			children = (
				5015D3F525CF336E0006DB98 /* Storyboard */,
				5082EB3C25C2DF2C0066CA48 /* FoldersTableViewController.swift */,
				5053EFB725CEDBF500557099 /* NotesViewController */,
				50FFD2C925C98E7D00B1DE96 /* NoteTableViewController.swift */,
				5036461A25CB06DE0084702E /* SelectFolderTableViewController.swift */,
				5015D3F725CF361B0006DB98 /* Maps */,
			);
			path = "Main module";
			sourceTree = "<group>";
		};
		5036461E25CB35320084702E /* CoreData */ = {
			isa = PBXGroup;
			children = (
				50FE3D4825C1A7FF00325526 /* Fisherman_s_diary.xcdatamodeld */,
				50E36DF325C22247004B281F /* CoreDataManager.swift */,
				50E36DE525C21FBD004B281F /* Folder+CoreDataClass.swift */,
				50E36DE625C21FBD004B281F /* Folder+CoreDataProperties.swift */,
				50E36DE725C21FBD004B281F /* Note+CoreDataClass.swift */,
				50E36DE825C21FBD004B281F /* Note+CoreDataProperties.swift */,
				50E36DE125C21FBD004B281F /* Location+CoreDataClass.swift */,
				50E36DE225C21FBD004B281F /* Location+CoreDataProperties.swift */,
				50E36DE325C21FBD004B281F /* ImageNote+CoreDataClass.swift */,
				50E36DE425C21FBD004B281F /* ImageNote+CoreDataProperties.swift */,
			);
			path = CoreData;
			sourceTree = "<group>";
		};
		5036461F25CB35420084702E /* LocationManager */ = {
			isa = PBXGroup;
			children = (
				5036462125CB35840084702E /* LocationManager.swift */,
			);
			path = LocationManager;
			sourceTree = "<group>";
		};
		5053EFB525CEDBD400557099 /* Localization */ = {
			isa = PBXGroup;
			children = (
				507B6D0F25CDD8FE005103BA /* InfoPlist.strings */,
				507B6D0225CDD435005103BA /* LocalizationManager.swift */,
				507B6D0125CDD3B4005103BA /* Localizable.strings */,
			);
			path = Localization;
			sourceTree = "<group>";
		};
		5053EFB725CEDBF500557099 /* NotesViewController */ = {
			isa = PBXGroup;
			children = (
				5082EB4025C303140066CA48 /* FolderTableViewController.swift */,
				5053EFB125CED60500557099 /* NoteTableViewCell.swift */,
			);
			path = NotesViewController;
			sourceTree = "<group>";
		};
		50E36DDE25C21E34004B281F /* Model */ = {
			isa = PBXGroup;
			children = (
				5036461F25CB35420084702E /* LocationManager */,
				5036461E25CB35320084702E /* CoreData */,
			);
			path = Model;
			sourceTree = "<group>";
		};
		50FE3D3325C1A7FF00325526 = {
			isa = PBXGroup;
			children = (
				50FE3D3E25C1A7FF00325526 /* Fisherman's diary */,
				50FE3D3D25C1A7FF00325526 /* Products */,
			);
			sourceTree = "<group>";
		};
		50FE3D3D25C1A7FF00325526 /* Products */ = {
			isa = PBXGroup;
			children = (
				50FE3D3C25C1A7FF00325526 /* Fisherman's diary.app */,
			);
			name = Products;
			sourceTree = "<group>";
		};
		50FE3D3E25C1A7FF00325526 /* Fisherman's diary */ = {
			isa = PBXGroup;
			children = (
				50E36DDE25C21E34004B281F /* Model */,
				50002DFE25CDCB4B0088ABDD /* BuyFullVersion */,
				50FE3D3F25C1A7FF00325526 /* AppDelegate.swift */,
				50FE3D4125C1A7FF00325526 /* SceneDelegate.swift */,
				5015D3F925CF37820006DB98 /* Main module */,
				50FE3D4B25C1A80600325526 /* Assets.xcassets */,
				50FE3D5025C1A80600325526 /* Info.plist */,
				5053EFB525CEDBD400557099 /* Localization */,
			);
			path = "Fisherman's diary";
			sourceTree = "<group>";
		};
/* End PBXGroup section */

/* Begin PBXNativeTarget section */
		50FE3D3B25C1A7FF00325526 /* Fisherman's diary */ = {
			isa = PBXNativeTarget;
			buildConfigurationList = 50FE3D5325C1A80600325526 /* Build configuration list for PBXNativeTarget "Fisherman's diary" */;
			buildPhases = (
				50FE3D3825C1A7FF00325526 /* Sources */,
				50FE3D3925C1A7FF00325526 /* Frameworks */,
				50FE3D3A25C1A7FF00325526 /* Resources */,
			);
			buildRules = (
			);
			dependencies = (
			);
			name = "Fisherman's diary";
			productName = "Fisherman's diary";
			productReference = 50FE3D3C25C1A7FF00325526 /* Fisherman's diary.app */;
			productType = "com.apple.product-type.application";
		};
/* End PBXNativeTarget section */

/* Begin PBXProject section */
		50FE3D3425C1A7FF00325526 /* Project object */ = {
			isa = PBXProject;
			attributes = {
				LastSwiftUpdateCheck = 1220;
				LastUpgradeCheck = 1220;
				TargetAttributes = {
					50FE3D3B25C1A7FF00325526 = {
						CreatedOnToolsVersion = 12.2;
					};
				};
			};
			buildConfigurationList = 50FE3D3725C1A7FF00325526 /* Build configuration list for PBXProject "Fisherman's diary" */;
			compatibilityVersion = "Xcode 9.3";
			developmentRegion = en;
			hasScannedForEncodings = 0;
			knownRegions = (
				en,
				Base,
				ru,
			);
			mainGroup = 50FE3D3325C1A7FF00325526;
			productRefGroup = 50FE3D3D25C1A7FF00325526 /* Products */;
			projectDirPath = "";
			projectRoot = "";
			targets = (
				50FE3D3B25C1A7FF00325526 /* Fisherman's diary */,
			);
		};
/* End PBXProject section */

/* Begin PBXResourcesBuildPhase section */
		50FE3D3A25C1A7FF00325526 /* Resources */ = {
			isa = PBXResourcesBuildPhase;
			buildActionMask = 2147483647;
			files = (
				507B6CFF25CDD3B4005103BA /* Localizable.strings in Resources */,
				50FE3D4F25C1A80600325526 /* LaunchScreen.storyboard in Resources */,
				50FE3D4C25C1A80600325526 /* Assets.xcassets in Resources */,
				50FE3D4725C1A7FF00325526 /* Main.storyboard in Resources */,
				507B6D1125CDD8FE005103BA /* InfoPlist.strings in Resources */,
			);
			runOnlyForDeploymentPostprocessing = 0;
		};
/* End PBXResourcesBuildPhase section */

/* Begin PBXSourcesBuildPhase section */
		50FE3D3825C1A7FF00325526 /* Sources */ = {
			isa = PBXSourcesBuildPhase;
			buildActionMask = 2147483647;
			files = (
				50E36DF025C21FBD004B281F /* Note+CoreDataProperties.swift in Sources */,
				5036462225CB35840084702E /* LocationManager.swift in Sources */,
				50E36DE925C21FBD004B281F /* Location+CoreDataClass.swift in Sources */,
				508D4F1F25CDBEA4007DAA1C /* StoreManager.swift in Sources */,
				50FE3D4A25C1A7FF00325526 /* Fisherman_s_diary.xcdatamodeld in Sources */,
				50034A4525CC91FB00147B80 /* NoteAnnotation.swift in Sources */,
				5036461B25CB06DE0084702E /* SelectFolderTableViewController.swift in Sources */,
				50FE3D4025C1A7FF00325526 /* AppDelegate.swift in Sources */,
				5082EB3D25C2DF2C0066CA48 /* FoldersTableViewController.swift in Sources */,
				50034A4125CC8F9C00147B80 /* MapViewController.swift in Sources */,
				508D4F1B25CDBA23007DAA1C /* PriceManager.swift in Sources */,
				508D4F2325CDC592007DAA1C /* BuyingForm.swift in Sources */,
				5082EB4125C303140066CA48 /* FolderTableViewController.swift in Sources */,
				5053EFB225CED60500557099 /* NoteTableViewCell.swift in Sources */,
				50E36DEB25C21FBD004B281F /* ImageNote+CoreDataClass.swift in Sources */,
				50034A3C25CC7AED00147B80 /* NoteMapViewController.swift in Sources */,
				50E36DEE25C21FBD004B281F /* Folder+CoreDataProperties.swift in Sources */,
				507B6D0325CDD435005103BA /* LocalizationManager.swift in Sources */,
				50E36DF425C22247004B281F /* CoreDataManager.swift in Sources */,
				50FE3D4225C1A7FF00325526 /* SceneDelegate.swift in Sources */,
				50E36DED25C21FBD004B281F /* Folder+CoreDataClass.swift in Sources */,
				50FFD2CA25C98E7D00B1DE96 /* NoteTableViewController.swift in Sources */,
				50E36DEF25C21FBD004B281F /* Note+CoreDataClass.swift in Sources */,
				50E36DEA25C21FBD004B281F /* Location+CoreDataProperties.swift in Sources */,
				50E36DEC25C21FBD004B281F /* ImageNote+CoreDataProperties.swift in Sources */,
			);
			runOnlyForDeploymentPostprocessing = 0;
		};
/* End PBXSourcesBuildPhase section */

/* Begin PBXVariantGroup section */
		507B6D0125CDD3B4005103BA /* Localizable.strings */ = {
			isa = PBXVariantGroup;
			children = (
				507B6D0025CDD3B4005103BA /* ru */,
			);
			name = Localizable.strings;
			sourceTree = "<group>";
		};
		507B6D0F25CDD8FE005103BA /* InfoPlist.strings */ = {
			isa = PBXVariantGroup;
			children = (
				507B6D1025CDD8FE005103BA /* ru */,
			);
			name = InfoPlist.strings;
			sourceTree = "<group>";
		};
		50FE3D4525C1A7FF00325526 /* Main.storyboard */ = {
			isa = PBXVariantGroup;
			children = (
				50FE3D4625C1A7FF00325526 /* Base */,
				507B6CF925CDD1FF005103BA /* ru */,
			);
			name = Main.storyboard;
			sourceTree = "<group>";
		};
		50FE3D4D25C1A80600325526 /* LaunchScreen.storyboard */ = {
			isa = PBXVariantGroup;
			children = (
				50FE3D4E25C1A80600325526 /* Base */,
				507B6CFA25CDD200005103BA /* ru */,
			);
			name = LaunchScreen.storyboard;
			sourceTree = "<group>";
		};
/* End PBXVariantGroup section */

/* Begin XCBuildConfiguration section */
		50FE3D5125C1A80600325526 /* Debug */ = {
			isa = XCBuildConfiguration;
			buildSettings = {
				ALWAYS_SEARCH_USER_PATHS = NO;
				CLANG_ANALYZER_LOCALIZABILITY_NONLOCALIZED = YES;
				CLANG_ANALYZER_NONNULL = YES;
				CLANG_ANALYZER_NUMBER_OBJECT_CONVERSION = YES_AGGRESSIVE;
				CLANG_CXX_LANGUAGE_STANDARD = "gnu++14";
				CLANG_CXX_LIBRARY = "libc++";
				CLANG_ENABLE_MODULES = YES;
				CLANG_ENABLE_OBJC_ARC = YES;
				CLANG_ENABLE_OBJC_WEAK = YES;
				CLANG_WARN_BLOCK_CAPTURE_AUTORELEASING = YES;
				CLANG_WARN_BOOL_CONVERSION = YES;
				CLANG_WARN_COMMA = YES;
				CLANG_WARN_CONSTANT_CONVERSION = YES;
				CLANG_WARN_DEPRECATED_OBJC_IMPLEMENTATIONS = YES;
				CLANG_WARN_DIRECT_OBJC_ISA_USAGE = YES_ERROR;
				CLANG_WARN_DOCUMENTATION_COMMENTS = YES;
				CLANG_WARN_EMPTY_BODY = YES;
				CLANG_WARN_ENUM_CONVERSION = YES;
				CLANG_WARN_INFINITE_RECURSION = YES;
				CLANG_WARN_INT_CONVERSION = YES;
				CLANG_WARN_NON_LITERAL_NULL_CONVERSION = YES;
				CLANG_WARN_OBJC_IMPLICIT_RETAIN_SELF = YES;
				CLANG_WARN_OBJC_LITERAL_CONVERSION = YES;
				CLANG_WARN_OBJC_ROOT_CLASS = YES_ERROR;
				CLANG_WARN_QUOTED_INCLUDE_IN_FRAMEWORK_HEADER = YES;
				CLANG_WARN_RANGE_LOOP_ANALYSIS = YES;
				CLANG_WARN_STRICT_PROTOTYPES = YES;
				CLANG_WARN_SUSPICIOUS_MOVE = YES;
				CLANG_WARN_UNGUARDED_AVAILABILITY = YES_AGGRESSIVE;
				CLANG_WARN_UNREACHABLE_CODE = YES;
				CLANG_WARN__DUPLICATE_METHOD_MATCH = YES;
				COPY_PHASE_STRIP = NO;
				DEBUG_INFORMATION_FORMAT = dwarf;
				ENABLE_STRICT_OBJC_MSGSEND = YES;
				ENABLE_TESTABILITY = YES;
				GCC_C_LANGUAGE_STANDARD = gnu11;
				GCC_DYNAMIC_NO_PIC = NO;
				GCC_NO_COMMON_BLOCKS = YES;
				GCC_OPTIMIZATION_LEVEL = 0;
				GCC_PREPROCESSOR_DEFINITIONS = (
					"DEBUG=1",
					"$(inherited)",
				);
				GCC_WARN_64_TO_32_BIT_CONVERSION = YES;
				GCC_WARN_ABOUT_RETURN_TYPE = YES_ERROR;
				GCC_WARN_UNDECLARED_SELECTOR = YES;
				GCC_WARN_UNINITIALIZED_AUTOS = YES_AGGRESSIVE;
				GCC_WARN_UNUSED_FUNCTION = YES;
				GCC_WARN_UNUSED_VARIABLE = YES;
				IPHONEOS_DEPLOYMENT_TARGET = 13.0;
				MTL_ENABLE_DEBUG_INFO = INCLUDE_SOURCE;
				MTL_FAST_MATH = YES;
				ONLY_ACTIVE_ARCH = YES;
				SDKROOT = iphoneos;
				SWIFT_ACTIVE_COMPILATION_CONDITIONS = DEBUG;
				SWIFT_OPTIMIZATION_LEVEL = "-Onone";
			};
			name = Debug;
		};
		50FE3D5225C1A80600325526 /* Release */ = {
			isa = XCBuildConfiguration;
			buildSettings = {
				ALWAYS_SEARCH_USER_PATHS = NO;
				CLANG_ANALYZER_LOCALIZABILITY_NONLOCALIZED = YES;
				CLANG_ANALYZER_NONNULL = YES;
				CLANG_ANALYZER_NUMBER_OBJECT_CONVERSION = YES_AGGRESSIVE;
				CLANG_CXX_LANGUAGE_STANDARD = "gnu++14";
				CLANG_CXX_LIBRARY = "libc++";
				CLANG_ENABLE_MODULES = YES;
				CLANG_ENABLE_OBJC_ARC = YES;
				CLANG_ENABLE_OBJC_WEAK = YES;
				CLANG_WARN_BLOCK_CAPTURE_AUTORELEASING = YES;
				CLANG_WARN_BOOL_CONVERSION = YES;
				CLANG_WARN_COMMA = YES;
				CLANG_WARN_CONSTANT_CONVERSION = YES;
				CLANG_WARN_DEPRECATED_OBJC_IMPLEMENTATIONS = YES;
				CLANG_WARN_DIRECT_OBJC_ISA_USAGE = YES_ERROR;
				CLANG_WARN_DOCUMENTATION_COMMENTS = YES;
				CLANG_WARN_EMPTY_BODY = YES;
				CLANG_WARN_ENUM_CONVERSION = YES;
				CLANG_WARN_INFINITE_RECURSION = YES;
				CLANG_WARN_INT_CONVERSION = YES;
				CLANG_WARN_NON_LITERAL_NULL_CONVERSION = YES;
				CLANG_WARN_OBJC_IMPLICIT_RETAIN_SELF = YES;
				CLANG_WARN_OBJC_LITERAL_CONVERSION = YES;
				CLANG_WARN_OBJC_ROOT_CLASS = YES_ERROR;
				CLANG_WARN_QUOTED_INCLUDE_IN_FRAMEWORK_HEADER = YES;
				CLANG_WARN_RANGE_LOOP_ANALYSIS = YES;
				CLANG_WARN_STRICT_PROTOTYPES = YES;
				CLANG_WARN_SUSPICIOUS_MOVE = YES;
				CLANG_WARN_UNGUARDED_AVAILABILITY = YES_AGGRESSIVE;
				CLANG_WARN_UNREACHABLE_CODE = YES;
				CLANG_WARN__DUPLICATE_METHOD_MATCH = YES;
				COPY_PHASE_STRIP = NO;
				DEBUG_INFORMATION_FORMAT = "dwarf-with-dsym";
				ENABLE_NS_ASSERTIONS = NO;
				ENABLE_STRICT_OBJC_MSGSEND = YES;
				GCC_C_LANGUAGE_STANDARD = gnu11;
				GCC_NO_COMMON_BLOCKS = YES;
				GCC_WARN_64_TO_32_BIT_CONVERSION = YES;
				GCC_WARN_ABOUT_RETURN_TYPE = YES_ERROR;
				GCC_WARN_UNDECLARED_SELECTOR = YES;
				GCC_WARN_UNINITIALIZED_AUTOS = YES_AGGRESSIVE;
				GCC_WARN_UNUSED_FUNCTION = YES;
				GCC_WARN_UNUSED_VARIABLE = YES;
				IPHONEOS_DEPLOYMENT_TARGET = 13.0;
				MTL_ENABLE_DEBUG_INFO = NO;
				MTL_FAST_MATH = YES;
				SDKROOT = iphoneos;
				SWIFT_COMPILATION_MODE = wholemodule;
				SWIFT_OPTIMIZATION_LEVEL = "-O";
				VALIDATE_PRODUCT = YES;
			};
			name = Release;
		};
		50FE3D5425C1A80600325526 /* Debug */ = {
			isa = XCBuildConfiguration;
			buildSettings = {
				ASSETCATALOG_COMPILER_APPICON_NAME = AppIcon;
				ASSETCATALOG_COMPILER_GLOBAL_ACCENT_COLOR_NAME = AccentColor;
				CODE_SIGN_STYLE = Automatic;
				DEVELOPMENT_TEAM = S4VTW7X9U3;
				INFOPLIST_FILE = "Fisherman's diary/Info.plist";
				LD_RUNPATH_SEARCH_PATHS = (
					"$(inherited)",
					"@executable_path/Frameworks",
				);
				PRODUCT_BUNDLE_IDENTIFIER = "com.NikitinEgor.Fisherman-s-diary";
				PRODUCT_NAME = "$(TARGET_NAME)";
				SWIFT_VERSION = 5.0;
				TARGETED_DEVICE_FAMILY = "1,2";
			};
			name = Debug;
		};
		50FE3D5525C1A80600325526 /* Release */ = {
			isa = XCBuildConfiguration;
			buildSettings = {
				ASSETCATALOG_COMPILER_APPICON_NAME = AppIcon;
				ASSETCATALOG_COMPILER_GLOBAL_ACCENT_COLOR_NAME = AccentColor;
				CODE_SIGN_STYLE = Automatic;
				DEVELOPMENT_TEAM = S4VTW7X9U3;
				INFOPLIST_FILE = "Fisherman's diary/Info.plist";
				LD_RUNPATH_SEARCH_PATHS = (
					"$(inherited)",
					"@executable_path/Frameworks",
				);
				PRODUCT_BUNDLE_IDENTIFIER = "com.NikitinEgor.Fisherman-s-diary";
				PRODUCT_NAME = "$(TARGET_NAME)";
				SWIFT_VERSION = 5.0;
				TARGETED_DEVICE_FAMILY = "1,2";
			};
			name = Release;
		};
/* End XCBuildConfiguration section */

/* Begin XCConfigurationList section */
		50FE3D3725C1A7FF00325526 /* Build configuration list for PBXProject "Fisherman's diary" */ = {
			isa = XCConfigurationList;
			buildConfigurations = (
				50FE3D5125C1A80600325526 /* Debug */,
				50FE3D5225C1A80600325526 /* Release */,
			);
			defaultConfigurationIsVisible = 0;
			defaultConfigurationName = Release;
		};
		50FE3D5325C1A80600325526 /* Build configuration list for PBXNativeTarget "Fisherman's diary" */ = {
			isa = XCConfigurationList;
			buildConfigurations = (
				50FE3D5425C1A80600325526 /* Debug */,
				50FE3D5525C1A80600325526 /* Release */,
			);
			defaultConfigurationIsVisible = 0;
			defaultConfigurationName = Release;
		};
/* End XCConfigurationList section */

/* Begin XCVersionGroup section */
		50FE3D4825C1A7FF00325526 /* Fisherman_s_diary.xcdatamodeld */ = {
			isa = XCVersionGroup;
			children = (
				50FE3D4925C1A7FF00325526 /* Fisherman_s_diary.xcdatamodel */,
			);
			currentVersion = 50FE3D4925C1A7FF00325526 /* Fisherman_s_diary.xcdatamodel */;
			path = Fisherman_s_diary.xcdatamodeld;
			sourceTree = "<group>";
			versionGroupType = wrapper.xcdatamodel;
		};
/* End XCVersionGroup section */
	};
	rootObject = 50FE3D3425C1A7FF00325526 /* Project object */;
}
